
Microsoft Visual Studio Solution File, Format Version 12.00
# Visual Studio Version 17
VisualStudioVersion = 17.9.34723.18
MinimumVisualStudioVersion = 10.0.40219.1
Project("{FAE04EC0-301F-11D3-BF4B-00C04F79EFBC}") = "WindowsFormsApp1", "WindowsFormsApp1.csproj", "{63E83BCE-712B-4F09-9ACF-7D20E8EE7572}"
EndProject
Global
	GlobalSection(SolutionConfigurationPlatforms) = preSolution
		Debug|Any CPU = Debug|Any CPU
		Release|Any CPU = Release|Any CPU
	EndGlobalSection
	GlobalSection(ProjectConfigurationPlatforms) = postSolution
		{63E83BCE-712B-4F09-9ACF-7D20E8EE7572}.Debug|Any CPU.ActiveCfg = Debug|Any CPU
		{63E83BCE-712B-4F09-9ACF-7D20E8EE7572}.Debug|Any CPU.Build.0 = Debug|Any CPU
		{63E83BCE-712B-4F09-9ACF-7D20E8EE7572}.Release|Any CPU.ActiveCfg = Release|Any CPU
		{63E83BCE-712B-4F09-9ACF-7D20E8EE7572}.Release|Any CPU.Build.0 = Release|Any CPU
	EndGlobalSection
	GlobalSection(SolutionProperties) = preSolution
		HideSolutionNode = FALSE
	EndGlobalSection
	GlobalSection(ExtensibilityGlobals) = postSolution
		SolutionGuid = {37758F0B-0678-4DCC-B9DE-B79F284EC99F}
	EndGlobalSection
EndGlobal
